
Microsoft Visual Studio Solution File, Format Version 12.00
# Visual Studio Version 17
VisualStudioVersion = 17.14.36623.8 d17.14
MinimumVisualStudioVersion = 10.0.40219.1
Project("{FAE04EC0-301F-11D3-BF4B-00C04F79EFBC}") = "TriviaClient", "TriviaClient\TriviaClient.csproj", "{28FAE3C5-7AFB-4266-81AB-A8EFEC4D6FD4}"
EndProject
Global
	GlobalSection(SolutionConfigurationPlatforms) = preSolution
		Debug|Any CPU = Debug|Any CPU
		Release|Any CPU = Release|Any CPU
	EndGlobalSection
	GlobalSection(ProjectConfigurationPlatforms) = postSolution
		{28FAE3C5-7AFB-4266-81AB-A8EFEC4D6FD4}.Debug|Any CPU.ActiveCfg = Debug|Any CPU
		{28FAE3C5-7AFB-4266-81AB-A8EFEC4D6FD4}.Debug|Any CPU.Build.0 = Debug|Any CPU
		{28FAE3C5-7AFB-4266-81AB-A8EFEC4D6FD4}.Release|Any CPU.ActiveCfg = Release|Any CPU
		{28FAE3C5-7AFB-4266-81AB-A8EFEC4D6FD4}.Release|Any CPU.Build.0 = Release|Any CPU
	EndGlobalSection
	GlobalSection(SolutionProperties) = preSolution
		HideSolutionNode = FALSE
	EndGlobalSection
	GlobalSection(ExtensibilityGlobals) = postSolution
		SolutionGuid = {63744094-281F-48C4-AE29-064E4FDF861B}
	EndGlobalSection
EndGlobal
